dependencies:
- name: postgresql
  repository: https://charts.bitnami.com/bitnami
  version: 16.4.9
- name: common
  repository: https://charts.bitnami.com/bitnami
  version: 2.27.0
digest: sha256:89ee2abe8935afa477f7b2408c64e28fd3e47d67bf393ddfc880f617816d1cc5
generated: "2025-02-14T19:06:58.009265346Z"
