dependencies:
- name: postgresql
  repository: https://charts.bitnami.com/bitnami
  version: 16.4.6
- name: common
  repository: https://charts.bitnami.com/bitnami
  version: 2.27.0
digest: sha256:7f133cd886ad5ab93ce538fba6969defd3bff586166d0ace96ebf0d3ea2f20dd
generated: "2025-02-03T13:10:30.164191714Z"
