dependencies:
- name: postgresql
  repository: https://charts.bitnami.com/bitnami
  version: 16.4.4
- name: common
  repository: https://charts.bitnami.com/bitnami
  version: 2.27.0
digest: sha256:166a3c97acf30033f951e75bd94d44a16f160743bfad2015028fd511eb827614
generated: "2025-01-20T19:06:45.006087446Z"
